<?xml version="1.0" encoding="utf-8"?>
<Project ToolsVersion="4.0" xmlns="http://schemas.microsoft.com/developer/msbuild/2003">
  <ItemGroup>
    <Filter Include="Resource Files">
      <UniqueIdentifier>{67DA6AB6-F800-4c08-8B7A-83BB121AAD01}</UniqueIdentifier>
      <Extensions>rc;ico;cur;bmp;dlg;rc2;rct;bin;rgs;gif;jpg;jpeg;jpe;resx;tiff;tif;png;wav;mfcribbon-ms</Extensions>
    </Filter>
    <Filter Include="Graphics">
      <UniqueIdentifier>{8b74d1c0-a37f-47dd-81df-a70281a3c150}</UniqueIdentifier>
    </Filter>
    <Filter Include="Utility">
      <UniqueIdentifier>{a48944b4-8b8f-40c8-b9fb-889b22d081e3}</UniqueIdentifier>
    </Filter>
    <Filter Include="Graphics\Camera">
      <UniqueIdentifier>{cc293311-60ce-45bf-920f-6ecfa5525e82}</UniqueIdentifier>
    </Filter>
    <Filter Include="Graphics\Renderers">
      <UniqueIdentifier>{dc43440f-f47c-4ec5-bfb1-b47d42bd13ec}</UniqueIdentifier>
    </Filter>
    <Filter Include="Graphics\Environment">
      <UniqueIdentifier>{fc43b400-545b-4d0e-80e1-86c6b05e367c}</UniqueIdentifier>
    </Filter>
    <Filter Include="Graphics\Renderable">
      <UniqueIdentifier>{3494b93b-23ff-490b-bfcf-d752ae2a9078}</UniqueIdentifier>
    </Filter>
    <Filter Include="MapGeneration">
      <UniqueIdentifier>{4373121c-091d-4994-93ee-d4328a9cfe19}</UniqueIdentifier>
    </Filter>
    <Filter Include="Main">
      <UniqueIdentifier>{6c073316-5cf2-4827-91a0-66881522253a}</UniqueIdentifier>
    </Filter>
    <Filter Include="Graphics\DirectX">
      <UniqueIdentifier>{dd5df461-8cf9-4248-b2c4-c62cde3f4991}</UniqueIdentifier>
    </Filter>
    <Filter Include="Graphics\Scene">
      <UniqueIdentifier>{9aef903a-e5fd-4a6f-b05c-ddf958fbd211}</UniqueIdentifier>
    </Filter>
  </ItemGroup>
  <ItemGroup>
    <Text Include="ReadMe.txt" />
  </ItemGroup>
  <ItemGroup>
    <ClInclude Include="ShaderCompiler.h">
      <Filter>Graphics</Filter>
    </ClInclude>
    <ClInclude Include="GeometryHelper.h">
      <Filter>Utility</Filter>
    </ClInclude>
    <ClInclude Include="RNG.h">
      <Filter>Utility</Filter>
    </ClInclude>
    <ClInclude Include="Camera.h">
      <Filter>Graphics\Camera</Filter>
    </ClInclude>
    <ClInclude Include="BRDFLUTRenderer.h">
      <Filter>Graphics\Renderers</Filter>
    </ClInclude>
    <ClInclude Include="RadianceMapRenderer.h">
      <Filter>Graphics\Renderers</Filter>
    </ClInclude>
    <ClInclude Include="Environment.h">
      <Filter>Graphics\Environment</Filter>
    </ClInclude>
    <ClInclude Include="RenderableObject.h">
      <Filter>Graphics\Renderable</Filter>
    </ClInclude>
    <ClInclude Include="Cube.h">
      <Filter>Graphics\Renderable</Filter>
    </ClInclude>
    <ClInclude Include="MapGenerator.h">
      <Filter>MapGeneration</Filter>
    </ClInclude>
    <ClInclude Include="stdafx.h">
      <Filter>Main</Filter>
    </ClInclude>
    <ClInclude Include="targetver.h">
      <Filter>Main</Filter>
    </ClInclude>
    <ClInclude Include="DirectXDependencies.h">
      <Filter>Graphics\DirectX</Filter>
    </ClInclude>
    <ClInclude Include="DirectXDevice.h">
      <Filter>Graphics\DirectX</Filter>
    </ClInclude>
    <ClInclude Include="DirectXView.h">
      <Filter>Graphics\DirectX</Filter>
    </ClInclude>
    <ClInclude Include="Scene.h">
      <Filter>Graphics\Scene</Filter>
    </ClInclude>
    <ClInclude Include="Camera3D.h">
      <Filter>Graphics\Camera</Filter>
    </ClInclude>
    <ClInclude Include="Camera2D.h">
      <Filter>Graphics\Camera</Filter>
    </ClInclude>
  </ItemGroup>
  <ItemGroup>
    <ClCompile Include="ShaderCompiler.cpp">
      <Filter>Graphics</Filter>
    </ClCompile>
    <ClCompile Include="GeometryHelper.cpp">
      <Filter>Utility</Filter>
    </ClCompile>
    <ClCompile Include="RNG.cpp">
      <Filter>Utility</Filter>
    </ClCompile>
    <ClCompile Include="Camera.cpp">
      <Filter>Graphics\Camera</Filter>
    </ClCompile>
    <ClCompile Include="BRDFLUTRenderer.cpp">
      <Filter>Graphics\Renderers</Filter>
    </ClCompile>
    <ClCompile Include="RadianceMapRenderer.cpp">
      <Filter>Graphics\Renderers</Filter>
    </ClCompile>
    <ClCompile Include="Environment.cpp">
      <Filter>Graphics\Environment</Filter>
    </ClCompile>
    <ClCompile Include="RenderableObject.cpp">
      <Filter>Graphics\Renderable</Filter>
    </ClCompile>
    <ClCompile Include="Cube.cpp">
      <Filter>Graphics\Renderable</Filter>
    </ClCompile>
    <ClCompile Include="MapGenerator.cpp">
      <Filter>MapGeneration</Filter>
    </ClCompile>
    <ClCompile Include="dllmain.cpp">
      <Filter>Main</Filter>
    </ClCompile>
    <ClCompile Include="ProceduralTextureGeneratorCore.cpp">
      <Filter>Main</Filter>
    </ClCompile>
    <ClCompile Include="stdafx.cpp">
      <Filter>Main</Filter>
    </ClCompile>
    <ClCompile Include="DirectXDevice.cpp">
      <Filter>Graphics\DirectX</Filter>
    </ClCompile>
    <ClCompile Include="DirectXView.cpp">
      <Filter>Graphics\DirectX</Filter>
    </ClCompile>
    <ClCompile Include="Scene.cpp">
      <Filter>Graphics\Scene</Filter>
    </ClCompile>
    <ClCompile Include="Camera3D.cpp">
      <Filter>Graphics\Camera</Filter>
    </ClCompile>
    <ClCompile Include="Camera2D.cpp">
      <Filter>Graphics\Camera</Filter>
    </ClCompile>
  </ItemGroup>
</Project>